// !$*UTF8*$!
{
	archiveVersion = 1;
	classes = {
	};
	objectVersion = 56;
	objects = {

/* Begin PBXBuildFile section */
		A93AACE62AF6D7BE006A89DE /* AppDelegate.swift in Sources */ = {isa = PBXBuildFile; fileRef = A93AACE52AF6D7BE006A89DE /* AppDelegate.swift */; };
		A93AACE82AF6D7BE006A89DE /* SceneDelegate.swift in Sources */ = {isa = PBXBuildFile; fileRef = A93AACE72AF6D7BE006A89DE /* SceneDelegate.swift */; };
		A93AACEF2AF6D7BF006A89DE /* Assets.xcassets in Resources */ = {isa = PBXBuildFile; fileRef = A93AACEE2AF6D7BF006A89DE /* Assets.xcassets */; };
		A93AACF22AF6D7BF006A89DE /* LaunchScreen.storyboard in Resources */ = {isa = PBXBuildFile; fileRef = A93AACF02AF6D7BF006A89DE /* LaunchScreen.storyboard */; };
		A93AACFC2AF6D7EF006A89DE /* BootcampsModel.swift in Sources */ = {isa = PBXBuildFile; fileRef = A93AACFB2AF6D7EF006A89DE /* BootcampsModel.swift */; };
		A93AACFE2AF6D854006A89DE /* ApiProvider.swift in Sources */ = {isa = PBXBuildFile; fileRef = A93AACFD2AF6D854006A89DE /* ApiProvider.swift */; };
		A9D3597B2AF83143004A54BD /* TableViewController.swift in Sources */ = {isa = PBXBuildFile; fileRef = A9D359792AF83143004A54BD /* TableViewController.swift */; };
		A9D3597C2AF83143004A54BD /* TableViewController.xib in Resources */ = {isa = PBXBuildFile; fileRef = A9D3597A2AF83143004A54BD /* TableViewController.xib */; };
		A9D3597E2AF8314E004A54BD /* TableViewModel.swift in Sources */ = {isa = PBXBuildFile; fileRef = A9D3597D2AF8314E004A54BD /* TableViewModel.swift */; };
/* End PBXBuildFile section */

/* Begin PBXFileReference section */
		A93AACE22AF6D7BE006A89DE /* TableBootCamps_KC.app */ = {isa = PBXFileReference; explicitFileType = wrapper.application; includeInIndex = 0; path = TableBootCamps_KC.app; sourceTree = BUILT_PRODUCTS_DIR; };
		A93AACE52AF6D7BE006A89DE /* AppDelegate.swift */ = {isa = PBXFileReference; lastKnownFileType = sourcecode.swift; path = AppDelegate.swift; sourceTree = "<group>"; };
		A93AACE72AF6D7BE006A89DE /* SceneDelegate.swift */ = {isa = PBXFileReference; lastKnownFileType = sourcecode.swift; path = SceneDelegate.swift; sourceTree = "<group>"; };
		A93AACEE2AF6D7BF006A89DE /* Assets.xcassets */ = {isa = PBXFileReference; lastKnownFileType = folder.assetcatalog; path = Assets.xcassets; sourceTree = "<group>"; };
		A93AACF12AF6D7BF006A89DE /* Base */ = {isa = PBXFileReference; lastKnownFileType = file.storyboard; name = Base; path = Base.lproj/LaunchScreen.storyboard; sourceTree = "<group>"; };
		A93AACF32AF6D7BF006A89DE /* Info.plist */ = {isa = PBXFileReference; lastKnownFileType = text.plist.xml; path = Info.plist; sourceTree = "<group>"; };
		A93AACFB2AF6D7EF006A89DE /* BootcampsModel.swift */ = {isa = PBXFileReference; lastKnownFileType = sourcecode.swift; path = BootcampsModel.swift; sourceTree = "<group>"; };
		A93AACFD2AF6D854006A89DE /* ApiProvider.swift */ = {isa = PBXFileReference; lastKnownFileType = sourcecode.swift; path = ApiProvider.swift; sourceTree = "<group>"; };
		A9D359792AF83143004A54BD /* TableViewController.swift */ = {isa = PBXFileReference; lastKnownFileType = sourcecode.swift; path = TableViewController.swift; sourceTree = "<group>"; };
		A9D3597A2AF83143004A54BD /* TableViewController.xib */ = {isa = PBXFileReference; lastKnownFileType = file.xib; path = TableViewController.xib; sourceTree = "<group>"; };
		A9D3597D2AF8314E004A54BD /* TableViewModel.swift */ = {isa = PBXFileReference; lastKnownFileType = sourcecode.swift; path = TableViewModel.swift; sourceTree = "<group>"; };
/* End PBXFileReference section */

/* Begin PBXFrameworksBuildPhase section */
		A93AACDF2AF6D7BE006A89DE /* Frameworks */ = {
			isa = PBXFrameworksBuildPhase;
			buildActionMask = 2147483647;
			files = (
			);
			runOnlyForDeploymentPostprocessing = 0;
		};
/* End PBXFrameworksBuildPhase section */

/* Begin PBXGroup section */
		A93AACD92AF6D7BE006A89DE = {
			isa = PBXGroup;
			children = (
				A93AACE42AF6D7BE006A89DE /* TableBootCamps_KC */,
				A93AACE32AF6D7BE006A89DE /* Products */,
			);
			sourceTree = "<group>";
		};
		A93AACE32AF6D7BE006A89DE /* Products */ = {
			isa = PBXGroup;
			children = (
				A93AACE22AF6D7BE006A89DE /* TableBootCamps_KC.app */,
			);
			name = Products;
			sourceTree = "<group>";
		};
		A93AACE42AF6D7BE006A89DE /* TableBootCamps_KC */ = {
			isa = PBXGroup;
			children = (
				A93AACF32AF6D7BF006A89DE /* Info.plist */,
				A9D3597F2AF8329E004A54BD /* App */,
				A9D3596E2AF82F6F004A54BD /* Resources */,
				A93AACFA2AF6D7D7006A89DE /* Network */,
				A93AACF92AF6D7D0006A89DE /* Models */,
				A9D3596B2AF82E71004A54BD /* Launch */,
				A9D3596D2AF82E95004A54BD /* View */,
			);
			path = TableBootCamps_KC;
			sourceTree = "<group>";
		};
		A93AACF92AF6D7D0006A89DE /* Models */ = {
			isa = PBXGroup;
			children = (
				A93AACFB2AF6D7EF006A89DE /* BootcampsModel.swift */,
			);
			path = Models;
			sourceTree = "<group>";
		};
		A93AACFA2AF6D7D7006A89DE /* Network */ = {
			isa = PBXGroup;
			children = (
				A93AACFD2AF6D854006A89DE /* ApiProvider.swift */,
			);
			path = Network;
			sourceTree = "<group>";
		};
		A9D3596B2AF82E71004A54BD /* Launch */ = {
			isa = PBXGroup;
			children = (
				A93AACF02AF6D7BF006A89DE /* LaunchScreen.storyboard */,
			);
			path = Launch;
			sourceTree = "<group>";
		};
		A9D3596D2AF82E95004A54BD /* View */ = {
			isa = PBXGroup;
			children = (
				A9D3597A2AF83143004A54BD /* TableViewController.xib */,
				A9D359792AF83143004A54BD /* TableViewController.swift */,
				A9D3597D2AF8314E004A54BD /* TableViewModel.swift */,
			);
			path = View;
			sourceTree = "<group>";
		};
		A9D3596E2AF82F6F004A54BD /* Resources */ = {
			isa = PBXGroup;
			children = (
				A93AACEE2AF6D7BF006A89DE /* Assets.xcassets */,
			);
			path = Resources;
			sourceTree = "<group>";
		};
		A9D3597F2AF8329E004A54BD /* App */ = {
			isa = PBXGroup;
			children = (
				A93AACE52AF6D7BE006A89DE /* AppDelegate.swift */,
				A93AACE72AF6D7BE006A89DE /* SceneDelegate.swift */,
			);
			path = App;
			sourceTree = "<group>";
		};
/* End PBXGroup section */

/* Begin PBXNativeTarget section */
		A93AACE12AF6D7BE006A89DE /* TableBootCamps_KC */ = {
			isa = PBXNativeTarget;
			buildConfigurationList = A93AACF62AF6D7BF006A89DE /* Build configuration list for PBXNativeTarget "TableBootCamps_KC" */;
			buildPhases = (
				A93AACDE2AF6D7BE006A89DE /* Sources */,
				A93AACDF2AF6D7BE006A89DE /* Frameworks */,
				A93AACE02AF6D7BE006A89DE /* Resources */,
			);
			buildRules = (
			);
			dependencies = (
			);
			name = TableBootCamps_KC;
			productName = TableBootCamps_KC;
			productReference = A93AACE22AF6D7BE006A89DE /* TableBootCamps_KC.app */;
			productType = "com.apple.product-type.application";
		};
/* End PBXNativeTarget section */

/* Begin PBXProject section */
		A93AACDA2AF6D7BE006A89DE /* Project object */ = {
			isa = PBXProject;
			attributes = {
				BuildIndependentTargetsInParallel = 1;
				LastSwiftUpdateCheck = 1430;
				LastUpgradeCheck = 1500;
				TargetAttributes = {
					A93AACE12AF6D7BE006A89DE = {
						CreatedOnToolsVersion = 14.3.1;
					};
				};
			};
			buildConfigurationList = A93AACDD2AF6D7BE006A89DE /* Build configuration list for PBXProject "TableBootCamps_KC" */;
			compatibilityVersion = "Xcode 14.0";
			developmentRegion = en;
			hasScannedForEncodings = 0;
			knownRegions = (
				en,
				Base,
			);
			mainGroup = A93AACD92AF6D7BE006A89DE;
			productRefGroup = A93AACE32AF6D7BE006A89DE /* Products */;
			projectDirPath = "";
			projectRoot = "";
			targets = (
				A93AACE12AF6D7BE006A89DE /* TableBootCamps_KC */,
			);
		};
/* End PBXProject section */

/* Begin PBXResourcesBuildPhase section */
		A93AACE02AF6D7BE006A89DE /* Resources */ = {
			isa = PBXResourcesBuildPhase;
			buildActionMask = 2147483647;
			files = (
				A9D3597C2AF83143004A54BD /* TableViewController.xib in Resources */,
				A93AACF22AF6D7BF006A89DE /* LaunchScreen.storyboard in Resources */,
				A93AACEF2AF6D7BF006A89DE /* Assets.xcassets in Resources */,
			);
			runOnlyForDeploymentPostprocessing = 0;
		};
/* End PBXResourcesBuildPhase section */

/* Begin PBXSourcesBuildPhase section */
		A93AACDE2AF6D7BE006A89DE /* Sources */ = {
			isa = PBXSourcesBuildPhase;
			buildActionMask = 2147483647;
			files = (
				A93AACFE2AF6D854006A89DE /* ApiProvider.swift in Sources */,
				A93AACFC2AF6D7EF006A89DE /* BootcampsModel.swift in Sources */,
				A93AACE62AF6D7BE006A89DE /* AppDelegate.swift in Sources */,
				A9D3597E2AF8314E004A54BD /* TableViewModel.swift in Sources */,
				A9D3597B2AF83143004A54BD /* TableViewController.swift in Sources */,
				A93AACE82AF6D7BE006A89DE /* SceneDelegate.swift in Sources */,
			);
			runOnlyForDeploymentPostprocessing = 0;
		};
/* End PBXSourcesBuildPhase section */

/* Begin PBXVariantGroup section */
		A93AACF02AF6D7BF006A89DE /* LaunchScreen.storyboard */ = {
			isa = PBXVariantGroup;
			children = (
				A93AACF12AF6D7BF006A89DE /* Base */,
			);
			name = LaunchScreen.storyboard;
			sourceTree = "<group>";
		};
/* End PBXVariantGroup section */

/* Begin XCBuildConfiguration section */
		A93AACF42AF6D7BF006A89DE /* Debug */ = {
			isa = XCBuildConfiguration;
			buildSettings = {
				ALWAYS_SEARCH_USER_PATHS = NO;
				CLANG_ANALYZER_NONNULL = YES;
				CLANG_ANALYZER_NUMBER_OBJECT_CONVERSION = YES_AGGRESSIVE;
				CLANG_CXX_LANGUAGE_STANDARD = "gnu++20";
				CLANG_ENABLE_MODULES = YES;
				CLANG_ENABLE_OBJC_ARC = YES;
				CLANG_ENABLE_OBJC_WEAK = YES;
				CLANG_WARN_BLOCK_CAPTURE_AUTORELEASING = YES;
				CLANG_WARN_BOOL_CONVERSION = YES;
				CLANG_WARN_COMMA = YES;
				CLANG_WARN_CONSTANT_CONVERSION = YES;
				CLANG_WARN_DEPRECATED_OBJC_IMPLEMENTATIONS = YES;
				CLANG_WARN_DIRECT_OBJC_ISA_USAGE = YES_ERROR;
				CLANG_WARN_DOCUMENTATION_COMMENTS = YES;
				CLANG_WARN_EMPTY_BODY = YES;
				CLANG_WARN_ENUM_CONVERSION = YES;
				CLANG_WARN_INFINITE_RECURSION = YES;
				CLANG_WARN_INT_CONVERSION = YES;
				CLANG_WARN_NON_LITERAL_NULL_CONVERSION = YES;
				CLANG_WARN_OBJC_IMPLICIT_RETAIN_SELF = YES;
				CLANG_WARN_OBJC_LITERAL_CONVERSION = YES;
				CLANG_WARN_OBJC_ROOT_CLASS = YES_ERROR;
				CLANG_WARN_QUOTED_INCLUDE_IN_FRAMEWORK_HEADER = YES;
				CLANG_WARN_RANGE_LOOP_ANALYSIS = YES;
				CLANG_WARN_STRICT_PROTOTYPES = YES;
				CLANG_WARN_SUSPICIOUS_MOVE = YES;
				CLANG_WARN_UNGUARDED_AVAILABILITY = YES_AGGRESSIVE;
				CLANG_WARN_UNREACHABLE_CODE = YES;
				CLANG_WARN__DUPLICATE_METHOD_MATCH = YES;
				COPY_PHASE_STRIP = NO;
				DEBUG_INFORMATION_FORMAT = dwarf;
				ENABLE_STRICT_OBJC_MSGSEND = YES;
				ENABLE_TESTABILITY = YES;
				ENABLE_USER_SCRIPT_SANDBOXING = YES;
				GCC_C_LANGUAGE_STANDARD = gnu11;
				GCC_DYNAMIC_NO_PIC = NO;
				GCC_NO_COMMON_BLOCKS = YES;
				GCC_OPTIMIZATION_LEVEL = 0;
				GCC_PREPROCESSOR_DEFINITIONS = (
					"DEBUG=1",
					"$(inherited)",
				);
				GCC_WARN_64_TO_32_BIT_CONVERSION = YES;
				GCC_WARN_ABOUT_RETURN_TYPE = YES_ERROR;
				GCC_WARN_UNDECLARED_SELECTOR = YES;
				GCC_WARN_UNINITIALIZED_AUTOS = YES_AGGRESSIVE;
				GCC_WARN_UNUSED_FUNCTION = YES;
				GCC_WARN_UNUSED_VARIABLE = YES;
				IPHONEOS_DEPLOYMENT_TARGET = 16.4;
				MTL_ENABLE_DEBUG_INFO = INCLUDE_SOURCE;
				MTL_FAST_MATH = YES;
				ONLY_ACTIVE_ARCH = YES;
				SDKROOT = iphoneos;
				SWIFT_ACTIVE_COMPILATION_CONDITIONS = DEBUG;
				SWIFT_OPTIMIZATION_LEVEL = "-Onone";
			};
			name = Debug;
		};
		A93AACF52AF6D7BF006A89DE /* Release */ = {
			isa = XCBuildConfiguration;
			buildSettings = {
				ALWAYS_SEARCH_USER_PATHS = NO;
				CLANG_ANALYZER_NONNULL = YES;
				CLANG_ANALYZER_NUMBER_OBJECT_CONVERSION = YES_AGGRESSIVE;
				CLANG_CXX_LANGUAGE_STANDARD = "gnu++20";
				CLANG_ENABLE_MODULES = YES;
				CLANG_ENABLE_OBJC_ARC = YES;
				CLANG_ENABLE_OBJC_WEAK = YES;
				CLANG_WARN_BLOCK_CAPTURE_AUTORELEASING = YES;
				CLANG_WARN_BOOL_CONVERSION = YES;
				CLANG_WARN_COMMA = YES;
				CLANG_WARN_CONSTANT_CONVERSION = YES;
				CLANG_WARN_DEPRECATED_OBJC_IMPLEMENTATIONS = YES;
				CLANG_WARN_DIRECT_OBJC_ISA_USAGE = YES_ERROR;
				CLANG_WARN_DOCUMENTATION_COMMENTS = YES;
				CLANG_WARN_EMPTY_BODY = YES;
				CLANG_WARN_ENUM_CONVERSION = YES;
				CLANG_WARN_INFINITE_RECURSION = YES;
				CLANG_WARN_INT_CONVERSION = YES;
				CLANG_WARN_NON_LITERAL_NULL_CONVERSION = YES;
				CLANG_WARN_OBJC_IMPLICIT_RETAIN_SELF = YES;
				CLANG_WARN_OBJC_LITERAL_CONVERSION = YES;
				CLANG_WARN_OBJC_ROOT_CLASS = YES_ERROR;
				CLANG_WARN_QUOTED_INCLUDE_IN_FRAMEWORK_HEADER = YES;
				CLANG_WARN_RANGE_LOOP_ANALYSIS = YES;
				CLANG_WARN_STRICT_PROTOTYPES = YES;
				CLANG_WARN_SUSPICIOUS_MOVE = YES;
				CLANG_WARN_UNGUARDED_AVAILABILITY = YES_AGGRESSIVE;
				CLANG_WARN_UNREACHABLE_CODE = YES;
				CLANG_WARN__DUPLICATE_METHOD_MATCH = YES;
				COPY_PHASE_STRIP = NO;
				DEBUG_INFORMATION_FORMAT = "dwarf-with-dsym";
				ENABLE_NS_ASSERTIONS = NO;
				ENABLE_STRICT_OBJC_MSGSEND = YES;
				ENABLE_USER_SCRIPT_SANDBOXING = YES;
				GCC_C_LANGUAGE_STANDARD = gnu11;
				GCC_NO_COMMON_BLOCKS = YES;
				GCC_WARN_64_TO_32_BIT_CONVERSION = YES;
				GCC_WARN_ABOUT_RETURN_TYPE = YES_ERROR;
				GCC_WARN_UNDECLARED_SELECTOR = YES;
				GCC_WARN_UNINITIALIZED_AUTOS = YES_AGGRESSIVE;
				GCC_WARN_UNUSED_FUNCTION = YES;
				GCC_WARN_UNUSED_VARIABLE = YES;
				IPHONEOS_DEPLOYMENT_TARGET = 16.4;
				MTL_ENABLE_DEBUG_INFO = NO;
				MTL_FAST_MATH = YES;
				SDKROOT = iphoneos;
				SWIFT_COMPILATION_MODE = wholemodule;
				SWIFT_OPTIMIZATION_LEVEL = "-O";
				VALIDATE_PRODUCT = YES;
			};
			name = Release;
		};
		A93AACF72AF6D7BF006A89DE /* Debug */ = {
			isa = XCBuildConfiguration;
			buildSettings = {
				ASSETCATALOG_COMPILER_APPICON_NAME = AppIcon;
				ASSETCATALOG_COMPILER_GLOBAL_ACCENT_COLOR_NAME = AccentColor;
				CODE_SIGN_STYLE = Automatic;
				CURRENT_PROJECT_VERSION = 1;
				DEVELOPMENT_TEAM = D35BGERC28;
				GENERATE_INFOPLIST_FILE = YES;
				INFOPLIST_FILE = TableBootCamps_KC/Info.plist;
				INFOPLIST_KEY_UIApplicationSupportsIndirectInputEvents = YES;
				INFOPLIST_KEY_UILaunchStoryboardName = LaunchScreen;
				INFOPLIST_KEY_UISupportedInterfaceOrientations_iPad = "UIInterfaceOrientationPortrait UIInterfaceOrientationPortraitUpsideDown UIInterfaceOrientationLandscapeLeft UIInterfaceOrientationLandscapeRight";
				INFOPLIST_KEY_UISupportedInterfaceOrientations_iPhone = "UIInterfaceOrientationPortrait UIInterfaceOrientationLandscapeLeft UIInterfaceOrientationLandscapeRight";
				LD_RUNPATH_SEARCH_PATHS = (
					"$(inherited)",
					"@executable_path/Frameworks",
				);
				MARKETING_VERSION = 1.0;
				PRODUCT_BUNDLE_IDENTIFIER = "com.marcomadev.TableBootCamps-KC";
				PRODUCT_NAME = "$(TARGET_NAME)";
				SWIFT_EMIT_LOC_STRINGS = YES;
				SWIFT_VERSION = 5.0;
				TARGETED_DEVICE_FAMILY = "1,2";
			};
			name = Debug;
		};
		A93AACF82AF6D7BF006A89DE /* Release */ = {
			isa = XCBuildConfiguration;
			buildSettings = {
				ASSETCATALOG_COMPILER_APPICON_NAME = AppIcon;
				ASSETCATALOG_COMPILER_GLOBAL_ACCENT_COLOR_NAME = AccentColor;
				CODE_SIGN_STYLE = Automatic;
				CURRENT_PROJECT_VERSION = 1;
				DEVELOPMENT_TEAM = D35BGERC28;
				GENERATE_INFOPLIST_FILE = YES;
				INFOPLIST_FILE = TableBootCamps_KC/Info.plist;
				INFOPLIST_KEY_UIApplicationSupportsIndirectInputEvents = YES;
				INFOPLIST_KEY_UILaunchStoryboardName = LaunchScreen;
				INFOPLIST_KEY_UISupportedInterfaceOrientations_iPad = "UIInterfaceOrientationPortrait UIInterfaceOrientationPortraitUpsideDown UIInterfaceOrientationLandscapeLeft UIInterfaceOrientationLandscapeRight";
				INFOPLIST_KEY_UISupportedInterfaceOrientations_iPhone = "UIInterfaceOrientationPortrait UIInterfaceOrientationLandscapeLeft UIInterfaceOrientationLandscapeRight";
				LD_RUNPATH_SEARCH_PATHS = (
					"$(inherited)",
					"@executable_path/Frameworks",
				);
				MARKETING_VERSION = 1.0;
				PRODUCT_BUNDLE_IDENTIFIER = "com.marcomadev.TableBootCamps-KC";
				PRODUCT_NAME = "$(TARGET_NAME)";
				SWIFT_EMIT_LOC_STRINGS = YES;
				SWIFT_VERSION = 5.0;
				TARGETED_DEVICE_FAMILY = "1,2";
			};
			name = Release;
		};
/* End XCBuildConfiguration section */

/* Begin XCConfigurationList section */
		A93AACDD2AF6D7BE006A89DE /* Build configuration list for PBXProject "TableBootCamps_KC" */ = {
			isa = XCConfigurationList;
			buildConfigurations = (
				A93AACF42AF6D7BF006A89DE /* Debug */,
				A93AACF52AF6D7BF006A89DE /* Release */,
			);
			defaultConfigurationIsVisible = 0;
			defaultConfigurationName = Release;
		};
		A93AACF62AF6D7BF006A89DE /* Build configuration list for PBXNativeTarget "TableBootCamps_KC" */ = {
			isa = XCConfigurationList;
			buildConfigurations = (
				A93AACF72AF6D7BF006A89DE /* Debug */,
				A93AACF82AF6D7BF006A89DE /* Release */,
			);
			defaultConfigurationIsVisible = 0;
			defaultConfigurationName = Release;
		};
/* End XCConfigurationList section */
	};
	rootObject = A93AACDA2AF6D7BE006A89DE /* Project object */;
}
